
Microsoft Visual Studio Solution File, Format Version 12.00
Project("{FAE04EC0-301F-11D3-BF4B-00C04F79EFBC}") = "Portkey.JwtProof", "Portkey.JwtProof\Portkey.JwtProof.csproj", "{35357B5B-F495-424C-A059-99B8181FF6C0}"
EndProject
Project("{FAE04EC0-301F-11D3-BF4B-00C04F79EFBC}") = "Portkey.JwtProof.Tests", "Portkey.JwtProof.Tests\Portkey.JwtProof.Tests.csproj", "{3824ACA4-606B-400B-9700-418C2F127278}"
EndProject
Global
	GlobalSection(SolutionConfigurationPlatforms) = preSolution
		Debug|Any CPU = Debug|Any CPU
		Release|Any CPU = Release|Any CPU
	EndGlobalSection
	GlobalSection(ProjectConfigurationPlatforms) = postSolution
		{CA60D0F5-B376-4FC0-8BCD-8F8D66CCCE90}.Debug|Any CPU.ActiveCfg = Debug|Any CPU
		{CA60D0F5-B376-4FC0-8BCD-8F8D66CCCE90}.Debug|Any CPU.Build.0 = Debug|Any CPU
		{CA60D0F5-B376-4FC0-8BCD-8F8D66CCCE90}.Release|Any CPU.ActiveCfg = Release|Any CPU
		{CA60D0F5-B376-4FC0-8BCD-8F8D66CCCE90}.Release|Any CPU.Build.0 = Release|Any CPU
		{35357B5B-F495-424C-A059-99B8181FF6C0}.Debug|Any CPU.ActiveCfg = Debug|Any CPU
		{35357B5B-F495-424C-A059-99B8181FF6C0}.Debug|Any CPU.Build.0 = Debug|Any CPU
		{35357B5B-F495-424C-A059-99B8181FF6C0}.Release|Any CPU.ActiveCfg = Release|Any CPU
		{35357B5B-F495-424C-A059-99B8181FF6C0}.Release|Any CPU.Build.0 = Release|Any CPU
		{3824ACA4-606B-400B-9700-418C2F127278}.Debug|Any CPU.ActiveCfg = Debug|Any CPU
		{3824ACA4-606B-400B-9700-418C2F127278}.Debug|Any CPU.Build.0 = Debug|Any CPU
		{3824ACA4-606B-400B-9700-418C2F127278}.Release|Any CPU.ActiveCfg = Release|Any CPU
		{3824ACA4-606B-400B-9700-418C2F127278}.Release|Any CPU.Build.0 = Release|Any CPU
	EndGlobalSection
EndGlobal
